// !$*UTF8*$!
{
	archiveVersion = 1;
	classes = {
	};
	objectVersion = 56;
	objects = {

/* Begin PBXBuildFile section */
		0041715D29DB3D6600E93B4A /* AppDelegate.swift in Sources */ = {isa = PBXBuildFile; fileRef = 0041715C29DB3D6600E93B4A /* AppDelegate.swift */; };
		0041715F29DB3D6600E93B4A /* SceneDelegate.swift in Sources */ = {isa = PBXBuildFile; fileRef = 0041715E29DB3D6600E93B4A /* SceneDelegate.swift */; };
		0041716129DB3D6600E93B4A /* ViewController.swift in Sources */ = {isa = PBXBuildFile; fileRef = 0041716029DB3D6600E93B4A /* ViewController.swift */; };
		0041716429DB3D6600E93B4A /* Main.storyboard in Resources */ = {isa = PBXBuildFile; fileRef = 0041716229DB3D6600E93B4A /* Main.storyboard */; };
		0041716629DB3D6800E93B4A /* Assets.xcassets in Resources */ = {isa = PBXBuildFile; fileRef = 0041716529DB3D6800E93B4A /* Assets.xcassets */; };
		0041716929DB3D6800E93B4A /* LaunchScreen.storyboard in Resources */ = {isa = PBXBuildFile; fileRef = 0041716729DB3D6800E93B4A /* LaunchScreen.storyboard */; };
		0041717129DB3F7F00E93B4A /* ProfileViewCell.swift in Sources */ = {isa = PBXBuildFile; fileRef = 0041717029DB3F7F00E93B4A /* ProfileViewCell.swift */; };
		0041717329DB3FA700E93B4A /* ProfileDetail.swift in Sources */ = {isa = PBXBuildFile; fileRef = 0041717229DB3FA700E93B4A /* ProfileDetail.swift */; };
		0041717529DB3FBE00E93B4A /* Model.swift in Sources */ = {isa = PBXBuildFile; fileRef = 0041717429DB3FBE00E93B4A /* Model.swift */; };
		0041717729DB404800E93B4A /* APIManager.swift in Sources */ = {isa = PBXBuildFile; fileRef = 0041717629DB404800E93B4A /* APIManager.swift */; };
		0041717929DC208600E93B4A /* AddNewUser.swift in Sources */ = {isa = PBXBuildFile; fileRef = 0041717829DC208600E93B4A /* AddNewUser.swift */; };
		FC83E50E326CD504639226FF /* Pods_ProfilesApp.framework in Frameworks */ = {isa = PBXBuildFile; fileRef = 434771814819AE2E7A50AB43 /* Pods_ProfilesApp.framework */; };
/* End PBXBuildFile section */

/* Begin PBXFileReference section */
		0041715929DB3D6600E93B4A /* ProfilesApp.app */ = {isa = PBXFileReference; explicitFileType = wrapper.application; includeInIndex = 0; path = ProfilesApp.app; sourceTree = BUILT_PRODUCTS_DIR; };
		0041715C29DB3D6600E93B4A /* AppDelegate.swift */ = {isa = PBXFileReference; lastKnownFileType = sourcecode.swift; path = AppDelegate.swift; sourceTree = "<group>"; };
		0041715E29DB3D6600E93B4A /* SceneDelegate.swift */ = {isa = PBXFileReference; lastKnownFileType = sourcecode.swift; path = SceneDelegate.swift; sourceTree = "<group>"; };
		0041716029DB3D6600E93B4A /* ViewController.swift */ = {isa = PBXFileReference; lastKnownFileType = sourcecode.swift; path = ViewController.swift; sourceTree = "<group>"; };
		0041716329DB3D6600E93B4A /* Base */ = {isa = PBXFileReference; lastKnownFileType = file.storyboard; name = Base; path = Base.lproj/Main.storyboard; sourceTree = "<group>"; };
		0041716529DB3D6800E93B4A /* Assets.xcassets */ = {isa = PBXFileReference; lastKnownFileType = folder.assetcatalog; path = Assets.xcassets; sourceTree = "<group>"; };
		0041716829DB3D6800E93B4A /* Base */ = {isa = PBXFileReference; lastKnownFileType = file.storyboard; name = Base; path = Base.lproj/LaunchScreen.storyboard; sourceTree = "<group>"; };
		0041716A29DB3D6800E93B4A /* Info.plist */ = {isa = PBXFileReference; lastKnownFileType = text.plist.xml; path = Info.plist; sourceTree = "<group>"; };
		0041717029DB3F7F00E93B4A /* ProfileViewCell.swift */ = {isa = PBXFileReference; lastKnownFileType = sourcecode.swift; path = ProfileViewCell.swift; sourceTree = "<group>"; };
		0041717229DB3FA700E93B4A /* ProfileDetail.swift */ = {isa = PBXFileReference; lastKnownFileType = sourcecode.swift; path = ProfileDetail.swift; sourceTree = "<group>"; };
		0041717429DB3FBE00E93B4A /* Model.swift */ = {isa = PBXFileReference; lastKnownFileType = sourcecode.swift; path = Model.swift; sourceTree = "<group>"; };
		0041717629DB404800E93B4A /* APIManager.swift */ = {isa = PBXFileReference; lastKnownFileType = sourcecode.swift; path = APIManager.swift; sourceTree = "<group>"; };
		0041717829DC208600E93B4A /* AddNewUser.swift */ = {isa = PBXFileReference; lastKnownFileType = sourcecode.swift; path = AddNewUser.swift; sourceTree = "<group>"; };
		434771814819AE2E7A50AB43 /* Pods_ProfilesApp.framework */ = {isa = PBXFileReference; explicitFileType = wrapper.framework; includeInIndex = 0; path = Pods_ProfilesApp.framework; sourceTree = BUILT_PRODUCTS_DIR; };
		52CFCBC8ED675B8B55BF2B79 /* Pods-ProfilesApp.release.xcconfig */ = {isa = PBXFileReference; includeInIndex = 1; lastKnownFileType = text.xcconfig; name = "Pods-ProfilesApp.release.xcconfig"; path = "Target Support Files/Pods-ProfilesApp/Pods-ProfilesApp.release.xcconfig"; sourceTree = "<group>"; };
		9285BD403B63C02ABC5BBB77 /* Pods-ProfilesApp.debug.xcconfig */ = {isa = PBXFileReference; includeInIndex = 1; lastKnownFileType = text.xcconfig; name = "Pods-ProfilesApp.debug.xcconfig"; path = "Target Support Files/Pods-ProfilesApp/Pods-ProfilesApp.debug.xcconfig"; sourceTree = "<group>"; };
/* End PBXFileReference section */

/* Begin PBXFrameworksBuildPhase section */
		0041715629DB3D6600E93B4A /* Frameworks */ = {
			isa = PBXFrameworksBuildPhase;
			buildActionMask = 2147483647;
			files = (
				FC83E50E326CD504639226FF /* Pods_ProfilesApp.framework in Frameworks */,
			);
			runOnlyForDeploymentPostprocessing = 0;
		};
/* End PBXFrameworksBuildPhase section */

/* Begin PBXGroup section */
		0041715029DB3D6600E93B4A = {
			isa = PBXGroup;
			children = (
				0041715B29DB3D6600E93B4A /* ProfilesApp */,
				0041715A29DB3D6600E93B4A /* Products */,
				16834E9AC7233502704EC0A9 /* Pods */,
				895F972DC7BC91F39B855EF9 /* Frameworks */,
			);
			sourceTree = "<group>";
		};
		0041715A29DB3D6600E93B4A /* Products */ = {
			isa = PBXGroup;
			children = (
				0041715929DB3D6600E93B4A /* ProfilesApp.app */,
			);
			name = Products;
			sourceTree = "<group>";
		};
		0041715B29DB3D6600E93B4A /* ProfilesApp */ = {
			isa = PBXGroup;
			children = (
				0041715C29DB3D6600E93B4A /* AppDelegate.swift */,
				0041715E29DB3D6600E93B4A /* SceneDelegate.swift */,
				0041716029DB3D6600E93B4A /* ViewController.swift */,
				0041716229DB3D6600E93B4A /* Main.storyboard */,
				0041716529DB3D6800E93B4A /* Assets.xcassets */,
				0041716729DB3D6800E93B4A /* LaunchScreen.storyboard */,
				0041716A29DB3D6800E93B4A /* Info.plist */,
				0041717029DB3F7F00E93B4A /* ProfileViewCell.swift */,
				0041717229DB3FA700E93B4A /* ProfileDetail.swift */,
				0041717429DB3FBE00E93B4A /* Model.swift */,
				0041717629DB404800E93B4A /* APIManager.swift */,
				0041717829DC208600E93B4A /* AddNewUser.swift */,
			);
			path = ProfilesApp;
			sourceTree = "<group>";
		};
		16834E9AC7233502704EC0A9 /* Pods */ = {
			isa = PBXGroup;
			children = (
				9285BD403B63C02ABC5BBB77 /* Pods-ProfilesApp.debug.xcconfig */,
				52CFCBC8ED675B8B55BF2B79 /* Pods-ProfilesApp.release.xcconfig */,
			);
			path = Pods;
			sourceTree = "<group>";
		};
		895F972DC7BC91F39B855EF9 /* Frameworks */ = {
			isa = PBXGroup;
			children = (
				434771814819AE2E7A50AB43 /* Pods_ProfilesApp.framework */,
			);
			name = Frameworks;
			sourceTree = "<group>";
		};
/* End PBXGroup section */

/* Begin PBXNativeTarget section */
		0041715829DB3D6600E93B4A /* ProfilesApp */ = {
			isa = PBXNativeTarget;
			buildConfigurationList = 0041716D29DB3D6800E93B4A /* Build configuration list for PBXNativeTarget "ProfilesApp" */;
			buildPhases = (
				ACD6B021B339FE5082453170 /* [CP] Check Pods Manifest.lock */,
				0041715529DB3D6600E93B4A /* Sources */,
				0041715629DB3D6600E93B4A /* Frameworks */,
				0041715729DB3D6600E93B4A /* Resources */,
				0500FA33AF07D74FF91F83F5 /* [CP] Embed Pods Frameworks */,
			);
			buildRules = (
			);
			dependencies = (
			);
			name = ProfilesApp;
			productName = ProfilesApp;
			productReference = 0041715929DB3D6600E93B4A /* ProfilesApp.app */;
			productType = "com.apple.product-type.application";
		};
/* End PBXNativeTarget section */

/* Begin PBXProject section */
		0041715129DB3D6600E93B4A /* Project object */ = {
			isa = PBXProject;
			attributes = {
				BuildIndependentTargetsInParallel = 1;
				LastSwiftUpdateCheck = 1420;
				LastUpgradeCheck = 1420;
				TargetAttributes = {
					0041715829DB3D6600E93B4A = {
						CreatedOnToolsVersion = 14.2;
					};
				};
			};
			buildConfigurationList = 0041715429DB3D6600E93B4A /* Build configuration list for PBXProject "ProfilesApp" */;
			compatibilityVersion = "Xcode 14.0";
			developmentRegion = en;
			hasScannedForEncodings = 0;
			knownRegions = (
				en,
				Base,
			);
			mainGroup = 0041715029DB3D6600E93B4A;
			productRefGroup = 0041715A29DB3D6600E93B4A /* Products */;
			projectDirPath = "";
			projectRoot = "";
			targets = (
				0041715829DB3D6600E93B4A /* ProfilesApp */,
			);
		};
/* End PBXProject section */

/* Begin PBXResourcesBuildPhase section */
		0041715729DB3D6600E93B4A /* Resources */ = {
			isa = PBXResourcesBuildPhase;
			buildActionMask = 2147483647;
			files = (
				0041716929DB3D6800E93B4A /* LaunchScreen.storyboard in Resources */,
				0041716629DB3D6800E93B4A /* Assets.xcassets in Resources */,
				0041716429DB3D6600E93B4A /* Main.storyboard in Resources */,
			);
			runOnlyForDeploymentPostprocessing = 0;
		};
/* End PBXResourcesBuildPhase section */

/* Begin PBXShellScriptBuildPhase section */
		0500FA33AF07D74FF91F83F5 /* [CP] Embed Pods Frameworks */ = {
			isa = PBXShellScriptBuildPhase;
			buildActionMask = 2147483647;
			files = (
			);
			inputFileListPaths = (
				"${PODS_ROOT}/Target Support Files/Pods-ProfilesApp/Pods-ProfilesApp-frameworks-${CONFIGURATION}-input-files.xcfilelist",
			);
			name = "[CP] Embed Pods Frameworks";
			outputFileListPaths = (
				"${PODS_ROOT}/Target Support Files/Pods-ProfilesApp/Pods-ProfilesApp-frameworks-${CONFIGURATION}-output-files.xcfilelist",
			);
			runOnlyForDeploymentPostprocessing = 0;
			shellPath = /bin/sh;
			shellScript = "\"${PODS_ROOT}/Target Support Files/Pods-ProfilesApp/Pods-ProfilesApp-frameworks.sh\"\n";
			showEnvVarsInLog = 0;
		};
		ACD6B021B339FE5082453170 /* [CP] Check Pods Manifest.lock */ = {
			isa = PBXShellScriptBuildPhase;
			buildActionMask = 2147483647;
			files = (
			);
			inputFileListPaths = (
			);
			inputPaths = (
				"${PODS_PODFILE_DIR_PATH}/Podfile.lock",
				"${PODS_ROOT}/Manifest.lock",
			);
			name = "[CP] Check Pods Manifest.lock";
			outputFileListPaths = (
			);
			outputPaths = (
				"$(DERIVED_FILE_DIR)/Pods-ProfilesApp-checkManifestLockResult.txt",
			);
			runOnlyForDeploymentPostprocessing = 0;
			shellPath = /bin/sh;
			shellScript = "diff \"${PODS_PODFILE_DIR_PATH}/Podfile.lock\" \"${PODS_ROOT}/Manifest.lock\" > /dev/null\nif [ $? != 0 ] ; then\n    # print error to STDERR\n    echo \"error: The sandbox is not in sync with the Podfile.lock. Run 'pod install' or update your CocoaPods installation.\" >&2\n    exit 1\nfi\n# This output is used by Xcode 'outputs' to avoid re-running this script phase.\necho \"SUCCESS\" > \"${SCRIPT_OUTPUT_FILE_0}\"\n";
			showEnvVarsInLog = 0;
		};
/* End PBXShellScriptBuildPhase section */

/* Begin PBXSourcesBuildPhase section */
		0041715529DB3D6600E93B4A /* Sources */ = {
			isa = PBXSourcesBuildPhase;
			buildActionMask = 2147483647;
			files = (
				0041717129DB3F7F00E93B4A /* ProfileViewCell.swift in Sources */,
				0041716129DB3D6600E93B4A /* ViewController.swift in Sources */,
				0041715D29DB3D6600E93B4A /* AppDelegate.swift in Sources */,
				0041717529DB3FBE00E93B4A /* Model.swift in Sources */,
				0041715F29DB3D6600E93B4A /* SceneDelegate.swift in Sources */,
				0041717929DC208600E93B4A /* AddNewUser.swift in Sources */,
				0041717329DB3FA700E93B4A /* ProfileDetail.swift in Sources */,
				0041717729DB404800E93B4A /* APIManager.swift in Sources */,
			);
			runOnlyForDeploymentPostprocessing = 0;
		};
/* End PBXSourcesBuildPhase section */

/* Begin PBXVariantGroup section */
		0041716229DB3D6600E93B4A /* Main.storyboard */ = {
			isa = PBXVariantGroup;
			children = (
				0041716329DB3D6600E93B4A /* Base */,
			);
			name = Main.storyboard;
			sourceTree = "<group>";
		};
		0041716729DB3D6800E93B4A /* LaunchScreen.storyboard */ = {
			isa = PBXVariantGroup;
			children = (
				0041716829DB3D6800E93B4A /* Base */,
			);
			name = LaunchScreen.storyboard;
			sourceTree = "<group>";
		};
/* End PBXVariantGroup section */

/* Begin XCBuildConfiguration section */
		0041716B29DB3D6800E93B4A /* Debug */ = {
			isa = XCBuildConfiguration;
			buildSettings = {
				ALWAYS_SEARCH_USER_PATHS = NO;
				CLANG_ANALYZER_NONNULL = YES;
				CLANG_ANALYZER_NUMBER_OBJECT_CONVERSION = YES_AGGRESSIVE;
				CLANG_CXX_LANGUAGE_STANDARD = "gnu++20";
				CLANG_ENABLE_MODULES = YES;
				CLANG_ENABLE_OBJC_ARC = YES;
				CLANG_ENABLE_OBJC_WEAK = YES;
				CLANG_WARN_BLOCK_CAPTURE_AUTORELEASING = YES;
				CLANG_WARN_BOOL_CONVERSION = YES;
				CLANG_WARN_COMMA = YES;
				CLANG_WARN_CONSTANT_CONVERSION = YES;
				CLANG_WARN_DEPRECATED_OBJC_IMPLEMENTATIONS = YES;
				CLANG_WARN_DIRECT_OBJC_ISA_USAGE = YES_ERROR;
				CLANG_WARN_DOCUMENTATION_COMMENTS = YES;
				CLANG_WARN_EMPTY_BODY = YES;
				CLANG_WARN_ENUM_CONVERSION = YES;
				CLANG_WARN_INFINITE_RECURSION = YES;
				CLANG_WARN_INT_CONVERSION = YES;
				CLANG_WARN_NON_LITERAL_NULL_CONVERSION = YES;
				CLANG_WARN_OBJC_IMPLICIT_RETAIN_SELF = YES;
				CLANG_WARN_OBJC_LITERAL_CONVERSION = YES;
				CLANG_WARN_OBJC_ROOT_CLASS = YES_ERROR;
				CLANG_WARN_QUOTED_INCLUDE_IN_FRAMEWORK_HEADER = YES;
				CLANG_WARN_RANGE_LOOP_ANALYSIS = YES;
				CLANG_WARN_STRICT_PROTOTYPES = YES;
				CLANG_WARN_SUSPICIOUS_MOVE = YES;
				CLANG_WARN_UNGUARDED_AVAILABILITY = YES_AGGRESSIVE;
				CLANG_WARN_UNREACHABLE_CODE = YES;
				CLANG_WARN__DUPLICATE_METHOD_MATCH = YES;
				COPY_PHASE_STRIP = NO;
				DEBUG_INFORMATION_FORMAT = dwarf;
				ENABLE_STRICT_OBJC_MSGSEND = YES;
				ENABLE_TESTABILITY = YES;
				GCC_C_LANGUAGE_STANDARD = gnu11;
				GCC_DYNAMIC_NO_PIC = NO;
				GCC_NO_COMMON_BLOCKS = YES;
				GCC_OPTIMIZATION_LEVEL = 0;
				GCC_PREPROCESSOR_DEFINITIONS = (
					"DEBUG=1",
					"$(inherited)",
				);
				GCC_WARN_64_TO_32_BIT_CONVERSION = YES;
				GCC_WARN_ABOUT_RETURN_TYPE = YES_ERROR;
				GCC_WARN_UNDECLARED_SELECTOR = YES;
				GCC_WARN_UNINITIALIZED_AUTOS = YES_AGGRESSIVE;
				GCC_WARN_UNUSED_FUNCTION = YES;
				GCC_WARN_UNUSED_VARIABLE = YES;
				IPHONEOS_DEPLOYMENT_TARGET = 16.2;
				MTL_ENABLE_DEBUG_INFO = INCLUDE_SOURCE;
				MTL_FAST_MATH = YES;
				ONLY_ACTIVE_ARCH = YES;
				SDKROOT = iphoneos;
				SWIFT_ACTIVE_COMPILATION_CONDITIONS = DEBUG;
				SWIFT_OPTIMIZATION_LEVEL = "-Onone";
			};
			name = Debug;
		};
		0041716C29DB3D6800E93B4A /* Release */ = {
			isa = XCBuildConfiguration;
			buildSettings = {
				ALWAYS_SEARCH_USER_PATHS = NO;
				CLANG_ANALYZER_NONNULL = YES;
				CLANG_ANALYZER_NUMBER_OBJECT_CONVERSION = YES_AGGRESSIVE;
				CLANG_CXX_LANGUAGE_STANDARD = "gnu++20";
				CLANG_ENABLE_MODULES = YES;
				CLANG_ENABLE_OBJC_ARC = YES;
				CLANG_ENABLE_OBJC_WEAK = YES;
				CLANG_WARN_BLOCK_CAPTURE_AUTORELEASING = YES;
				CLANG_WARN_BOOL_CONVERSION = YES;
				CLANG_WARN_COMMA = YES;
				CLANG_WARN_CONSTANT_CONVERSION = YES;
				CLANG_WARN_DEPRECATED_OBJC_IMPLEMENTATIONS = YES;
				CLANG_WARN_DIRECT_OBJC_ISA_USAGE = YES_ERROR;
				CLANG_WARN_DOCUMENTATION_COMMENTS = YES;
				CLANG_WARN_EMPTY_BODY = YES;
				CLANG_WARN_ENUM_CONVERSION = YES;
				CLANG_WARN_INFINITE_RECURSION = YES;
				CLANG_WARN_INT_CONVERSION = YES;
				CLANG_WARN_NON_LITERAL_NULL_CONVERSION = YES;
				CLANG_WARN_OBJC_IMPLICIT_RETAIN_SELF = YES;
				CLANG_WARN_OBJC_LITERAL_CONVERSION = YES;
				CLANG_WARN_OBJC_ROOT_CLASS = YES_ERROR;
				CLANG_WARN_QUOTED_INCLUDE_IN_FRAMEWORK_HEADER = YES;
				CLANG_WARN_RANGE_LOOP_ANALYSIS = YES;
				CLANG_WARN_STRICT_PROTOTYPES = YES;
				CLANG_WARN_SUSPICIOUS_MOVE = YES;
				CLANG_WARN_UNGUARDED_AVAILABILITY = YES_AGGRESSIVE;
				CLANG_WARN_UNREACHABLE_CODE = YES;
				CLANG_WARN__DUPLICATE_METHOD_MATCH = YES;
				COPY_PHASE_STRIP = NO;
				DEBUG_INFORMATION_FORMAT = "dwarf-with-dsym";
				ENABLE_NS_ASSERTIONS = NO;
				ENABLE_STRICT_OBJC_MSGSEND = YES;
				GCC_C_LANGUAGE_STANDARD = gnu11;
				GCC_NO_COMMON_BLOCKS = YES;
				GCC_WARN_64_TO_32_BIT_CONVERSION = YES;
				GCC_WARN_ABOUT_RETURN_TYPE = YES_ERROR;
				GCC_WARN_UNDECLARED_SELECTOR = YES;
				GCC_WARN_UNINITIALIZED_AUTOS = YES_AGGRESSIVE;
				GCC_WARN_UNUSED_FUNCTION = YES;
				GCC_WARN_UNUSED_VARIABLE = YES;
				IPHONEOS_DEPLOYMENT_TARGET = 16.2;
				MTL_ENABLE_DEBUG_INFO = NO;
				MTL_FAST_MATH = YES;
				SDKROOT = iphoneos;
				SWIFT_COMPILATION_MODE = wholemodule;
				SWIFT_OPTIMIZATION_LEVEL = "-O";
				VALIDATE_PRODUCT = YES;
			};
			name = Release;
		};
		0041716E29DB3D6800E93B4A /* Debug */ = {
			isa = XCBuildConfiguration;
			baseConfigurationReference = 9285BD403B63C02ABC5BBB77 /* Pods-ProfilesApp.debug.xcconfig */;
			buildSettings = {
				ASSETCATALOG_COMPILER_APPICON_NAME = AppIcon;
				ASSETCATALOG_COMPILER_GLOBAL_ACCENT_COLOR_NAME = AccentColor;
				CODE_SIGN_STYLE = Automatic;
				CURRENT_PROJECT_VERSION = 1;
				DEVELOPMENT_TEAM = AC5SLL43PB;
				GENERATE_INFOPLIST_FILE = YES;
				INFOPLIST_FILE = ProfilesApp/Info.plist;
				INFOPLIST_KEY_UIApplicationSupportsIndirectInputEvents = YES;
				INFOPLIST_KEY_UILaunchStoryboardName = LaunchScreen;
				INFOPLIST_KEY_UIMainStoryboardFile = Main;
				INFOPLIST_KEY_UISupportedInterfaceOrientations_iPad = "UIInterfaceOrientationPortrait UIInterfaceOrientationPortraitUpsideDown UIInterfaceOrientationLandscapeLeft UIInterfaceOrientationLandscapeRight";
				INFOPLIST_KEY_UISupportedInterfaceOrientations_iPhone = "UIInterfaceOrientationPortrait UIInterfaceOrientationLandscapeLeft UIInterfaceOrientationLandscapeRight";
				LD_RUNPATH_SEARCH_PATHS = (
					"$(inherited)",
					"@executable_path/Frameworks",
				);
				MARKETING_VERSION = 1.0;
				PRODUCT_BUNDLE_IDENTIFIER = add.ProfilesApp;
				PRODUCT_NAME = "$(TARGET_NAME)";
				SWIFT_EMIT_LOC_STRINGS = YES;
				SWIFT_VERSION = 5.0;
				TARGETED_DEVICE_FAMILY = "1,2";
			};
			name = Debug;
		};
		0041716F29DB3D6800E93B4A /* Release */ = {
			isa = XCBuildConfiguration;
			baseConfigurationReference = 52CFCBC8ED675B8B55BF2B79 /* Pods-ProfilesApp.release.xcconfig */;
			buildSettings = {
				ASSETCATALOG_COMPILER_APPICON_NAME = AppIcon;
				ASSETCATALOG_COMPILER_GLOBAL_ACCENT_COLOR_NAME = AccentColor;
				CODE_SIGN_STYLE = Automatic;
				CURRENT_PROJECT_VERSION = 1;
				DEVELOPMENT_TEAM = AC5SLL43PB;
				GENERATE_INFOPLIST_FILE = YES;
				INFOPLIST_FILE = ProfilesApp/Info.plist;
				INFOPLIST_KEY_UIApplicationSupportsIndirectInputEvents = YES;
				INFOPLIST_KEY_UILaunchStoryboardName = LaunchScreen;
				INFOPLIST_KEY_UIMainStoryboardFile = Main;
				INFOPLIST_KEY_UISupportedInterfaceOrientations_iPad = "UIInterfaceOrientationPortrait UIInterfaceOrientationPortraitUpsideDown UIInterfaceOrientationLandscapeLeft UIInterfaceOrientationLandscapeRight";
				INFOPLIST_KEY_UISupportedInterfaceOrientations_iPhone = "UIInterfaceOrientationPortrait UIInterfaceOrientationLandscapeLeft UIInterfaceOrientationLandscapeRight";
				LD_RUNPATH_SEARCH_PATHS = (
					"$(inherited)",
					"@executable_path/Frameworks",
				);
				MARKETING_VERSION = 1.0;
				PRODUCT_BUNDLE_IDENTIFIER = add.ProfilesApp;
				PRODUCT_NAME = "$(TARGET_NAME)";
				SWIFT_EMIT_LOC_STRINGS = YES;
				SWIFT_VERSION = 5.0;
				TARGETED_DEVICE_FAMILY = "1,2";
			};
			name = Release;
		};
/* End XCBuildConfiguration section */

/* Begin XCConfigurationList section */
		0041715429DB3D6600E93B4A /* Build configuration list for PBXProject "ProfilesApp" */ = {
			isa = XCConfigurationList;
			buildConfigurations = (
				0041716B29DB3D6800E93B4A /* Debug */,
				0041716C29DB3D6800E93B4A /* Release */,
			);
			defaultConfigurationIsVisible = 0;
			defaultConfigurationName = Release;
		};
		0041716D29DB3D6800E93B4A /* Build configuration list for PBXNativeTarget "ProfilesApp" */ = {
			isa = XCConfigurationList;
			buildConfigurations = (
				0041716E29DB3D6800E93B4A /* Debug */,
				0041716F29DB3D6800E93B4A /* Release */,
			);
			defaultConfigurationIsVisible = 0;
			defaultConfigurationName = Release;
		};
/* End XCConfigurationList section */
	};
	rootObject = 0041715129DB3D6600E93B4A /* Project object */;
}
